
Microsoft Visual Studio Solution File, Format Version 12.00
# Visual Studio 14
VisualStudioVersion = 14.0.23107.0
MinimumVisualStudioVersion = 10.0.40219.1
Project("{FAE04EC0-301F-11D3-BF4B-00C04F79EFBC}") = "MonackFr.Mvc", "MonackFr.Mvc\MonackFr.Mvc.csproj", "{9C79E148-C18B-46C2-995C-C1281100C38E}"
EndProject
Project("{FAE04EC0-301F-11D3-BF4B-00C04F79EFBC}") = "MonackFr.Mvc.Tests", "MonackFr.Mvc.Tests\MonackFr.Mvc.Tests.csproj", "{1CF8C22E-C194-4B05-AEA6-979C1E486932}"
EndProject
Project("{FAE04EC0-301F-11D3-BF4B-00C04F79EFBC}") = "MonackFr.Library", "MonackFr.Library\MonackFr.Library.csproj", "{DE92726D-E872-4E26-8E20-2C125EC3E6F8}"
EndProject
Project("{FAE04EC0-301F-11D3-BF4B-00C04F79EFBC}") = "UserManagement", "MonackFr.Mvc\Areas\UserManagement\UserManagement.csproj", "{250E7FA6-BF47-4A55-849F-ED324F2C2761}"
EndProject
Global
	GlobalSection(SolutionConfigurationPlatforms) = preSolution
		Debug|Any CPU = Debug|Any CPU
		Release|Any CPU = Release|Any CPU
	EndGlobalSection
	GlobalSection(ProjectConfigurationPlatforms) = postSolution
		{9C79E148-C18B-46C2-995C-C1281100C38E}.Debug|Any CPU.ActiveCfg = Debug|Any CPU
		{9C79E148-C18B-46C2-995C-C1281100C38E}.Debug|Any CPU.Build.0 = Debug|Any CPU
		{9C79E148-C18B-46C2-995C-C1281100C38E}.Release|Any CPU.ActiveCfg = Release|Any CPU
		{9C79E148-C18B-46C2-995C-C1281100C38E}.Release|Any CPU.Build.0 = Release|Any CPU
		{1CF8C22E-C194-4B05-AEA6-979C1E486932}.Debug|Any CPU.ActiveCfg = Debug|Any CPU
		{1CF8C22E-C194-4B05-AEA6-979C1E486932}.Debug|Any CPU.Build.0 = Debug|Any CPU
		{1CF8C22E-C194-4B05-AEA6-979C1E486932}.Release|Any CPU.ActiveCfg = Release|Any CPU
		{1CF8C22E-C194-4B05-AEA6-979C1E486932}.Release|Any CPU.Build.0 = Release|Any CPU
		{DE92726D-E872-4E26-8E20-2C125EC3E6F8}.Debug|Any CPU.ActiveCfg = Debug|Any CPU
		{DE92726D-E872-4E26-8E20-2C125EC3E6F8}.Debug|Any CPU.Build.0 = Debug|Any CPU
		{DE92726D-E872-4E26-8E20-2C125EC3E6F8}.Release|Any CPU.ActiveCfg = Release|Any CPU
		{DE92726D-E872-4E26-8E20-2C125EC3E6F8}.Release|Any CPU.Build.0 = Release|Any CPU
		{250E7FA6-BF47-4A55-849F-ED324F2C2761}.Debug|Any CPU.ActiveCfg = Debug|Any CPU
		{250E7FA6-BF47-4A55-849F-ED324F2C2761}.Debug|Any CPU.Build.0 = Debug|Any CPU
		{250E7FA6-BF47-4A55-849F-ED324F2C2761}.Release|Any CPU.ActiveCfg = Release|Any CPU
		{250E7FA6-BF47-4A55-849F-ED324F2C2761}.Release|Any CPU.Build.0 = Release|Any CPU
	EndGlobalSection
	GlobalSection(SolutionProperties) = preSolution
		HideSolutionNode = FALSE
	EndGlobalSection
EndGlobal
